{
  "lockfile_version": "1",
  "packages": {
    "nodejs@18": {
      "last_modified": "2024-02-24T23:06:34Z",
      "resolved": "github:NixOS/nixpkgs/9a9dae8f6319600fa9aebde37f340975cab4b8c0#nodejs_18",
      "source": "devbox-search",
      "version": "18.19.1",
      "systems": {
        "aarch64-darwin": {
          "store_path": "/nix/store/fxly5x870ssyw5rbvdi58jbhc4j03mzk-nodejs-18.19.1"
        },
        "aarch64-linux": {
          "store_path": "/nix/store/6iirvvbd99b7dfwk3z8phry2yliwvm99-nodejs-18.19.1"
        },
        "x86_64-darwin": {
          "store_path": "/nix/store/rzsav2ndbzah0vkmyqpnhcwxp4n0zdm6-nodejs-18.19.1"
        },
        "x86_64-linux": {
          "store_path": "/nix/store/c8phnfr1s43123qm3fmyiq5n1hs5csdv-nodejs-18.19.1"
        }
      }
    },
    "ruby@3.3.0": {
      "last_modified": "2024-03-08T13:51:52Z",
      "resolved": "github:NixOS/nixpkgs/a343533bccc62400e8a9560423486a3b6c11a23b#ruby_3_3",
      "source": "devbox-search",
      "version": "3.3.0",
      "systems": {
        "aarch64-darwin": {
          "store_path": "/nix/store/kfxq9qcafvk51pxvrjrjri7s9n682raj-ruby-3.3.0"
        },
        "aarch64-linux": {
          "store_path": "/nix/store/k6by88r38yi0mj2r6fzj4b2kkr0ggrwq-ruby-3.3.0"
        },
        "x86_64-darwin": {
          "store_path": "/nix/store/vsdq16ddcgmfrjvv4irz6hkk7g9n8wd4-ruby-3.3.0"
        },
        "x86_64-linux": {
          "store_path": "/nix/store/g43ay3ihz3kwym3xzvi4qpclywpj1kw0-ruby-3.3.0"
        }
      }
    }
  }
}
