{
  "lockfile_version": "1",
  "packages": {
    "nodejs@18.20.2": {
      "last_modified": "2024-06-12T20:55:33Z",
      "plugin_version": "0.0.2",
      "resolved": "github:NixOS/nixpkgs/a9858885e197f984d92d7fe64e9fff6b2e488d40#nodejs_18",
      "source": "devbox-search",
      "version": "18.20.2",
      "systems": {
        "aarch64-darwin": {
          "outputs": [
            {
              "name": "out",
              "path": "/nix/store/v5i7x776zzqagnh6hizj0jfhzkpdqk3g-nodejs-18.20.2",
              "default": true
            },
            {
              "name": "libv8",
              "path": "/nix/store/h3vrypbbn5gza84qbn8cqwai5a6jpp28-nodejs-18.20.2-libv8"
            }
          ],
          "store_path": "/nix/store/v5i7x776zzqagnh6hizj0jfhzkpdqk3g-nodejs-18.20.2"
        },
        "aarch64-linux": {
          "outputs": [
            {
              "name": "out",
              "path": "/nix/store/2yvmn12gbhn3d572xmm887dmn3855c40-nodejs-18.20.2",
              "default": true
            },
            {
              "name": "libv8",
              "path": "/nix/store/yk5bqncjzq2vfb5dyxpxw2cs5bk276fs-nodejs-18.20.2-libv8"
            }
          ],
          "store_path": "/nix/store/2yvmn12gbhn3d572xmm887dmn3855c40-nodejs-18.20.2"
        },
        "x86_64-darwin": {
          "outputs": [
            {
              "name": "out",
              "path": "/nix/store/fkcg6qzz2rzcs48fmqhr7ig3llfasmr1-nodejs-18.20.2",
              "default": true
            },
            {
              "name": "libv8",
              "path": "/nix/store/plqzmanv5139xyk273aswij8r6znhdn6-nodejs-18.20.2-libv8"
            }
          ],
          "store_path": "/nix/store/fkcg6qzz2rzcs48fmqhr7ig3llfasmr1-nodejs-18.20.2"
        },
        "x86_64-linux": {
          "outputs": [
            {
              "name": "out",
              "path": "/nix/store/mv0kmn6frsz8wr7zkbr7jd7sbzw4c27d-nodejs-18.20.2",
              "default": true
            },
            {
              "name": "libv8",
              "path": "/nix/store/sijs0h8h9xglq4kq5kd19xzl2z8qq9pv-nodejs-18.20.2-libv8"
            }
          ],
          "store_path": "/nix/store/mv0kmn6frsz8wr7zkbr7jd7sbzw4c27d-nodejs-18.20.2"
        }
      }
    },
    "ruby@3.1.0": {
      "last_modified": "2022-03-12T09:51:53Z",
      "plugin_version": "0.0.2",
      "resolved": "github:NixOS/nixpkgs/02177737c5d977444df41e0f5d6124c48c64bba3#ruby_3_1",
      "source": "devbox-search",
      "version": "3.1.0",
      "systems": {
        "aarch64-darwin": {
          "store_path": "/nix/store/ndbh4nhviwy8fbn6vydfh0zncmxwx6wk-ruby-3.1.0"
        },
        "aarch64-linux": {
          "store_path": "/nix/store/6nhcshfk9i9bzwv8cph16855qvvfg2qs-ruby-3.1.0"
        },
        "x86_64-darwin": {
          "store_path": "/nix/store/wzb73rlk7ippn8wprlq5ml2r3fkjnl4m-ruby-3.1.0"
        },
        "x86_64-linux": {
          "store_path": "/nix/store/4nf8rn5i8ya7k3payd45dx5zcpaggbm9-ruby-3.1.0"
        }
      }
    }
  }
}
